// !$*UTF8*$!
{
	archiveVersion = 1;
	classes = {
	};
	objectVersion = 46;
	objects = {

/* Begin PBXBuildFile section */
		2DD5F7951C1324A4007D292B /* main.m in Sources */ = {isa = PBXBuildFile; fileRef = 2DD5F7941C1324A4007D292B /* main.m */; };
		2DD5F7981C1324A4007D292B /* AppDelegate.m in Sources */ = {isa = PBXBuildFile; fileRef = 2DD5F7971C1324A4007D292B /* AppDelegate.m */; };
		2DD5F79B1C1324A4007D292B /* ViewController.m in Sources */ = {isa = PBXBuildFile; fileRef = 2DD5F79A1C1324A4007D292B /* ViewController.m */; };
		2DD5F79E1C1324A4007D292B /* Main.storyboard in Resources */ = {isa = PBXBuildFile; fileRef = 2DD5F79C1C1324A4007D292B /* Main.storyboard */; };
		2DD5F7A01C1324A4007D292B /* Assets.xcassets in Resources */ = {isa = PBXBuildFile; fileRef = 2DD5F79F1C1324A4007D292B /* Assets.xcassets */; };
		2DD5F7A31C1324A4007D292B /* LaunchScreen.storyboard in Resources */ = {isa = PBXBuildFile; fileRef = 2DD5F7A11C1324A4007D292B /* LaunchScreen.storyboard */; };
/* End PBXBuildFile section */

/* Begin PBXFileReference section */
		2DD5F7901C1324A4007D292B /* ShSlApp.app */ = {isa = PBXFileReference; explicitFileType = wrapper.application; includeInIndex = 0; path = ShSlApp.app; sourceTree = BUILT_PRODUCTS_DIR; };
		2DD5F7941C1324A4007D292B /* main.m */ = {isa = PBXFileReference; lastKnownFileType = sourcecode.c.objc; path = main.m; sourceTree = "<group>"; };
		2DD5F7961C1324A4007D292B /* AppDelegate.h */ = {isa = PBXFileReference; lastKnownFileType = sourcecode.c.h; path = AppDelegate.h; sourceTree = "<group>"; };
		2DD5F7971C1324A4007D292B /* AppDelegate.m */ = {isa = PBXFileReference; lastKnownFileType = sourcecode.c.objc; path = AppDelegate.m; sourceTree = "<group>"; };
		2DD5F7991C1324A4007D292B /* ViewController.h */ = {isa = PBXFileReference; lastKnownFileType = sourcecode.c.h; path = ViewController.h; sourceTree = "<group>"; };
		2DD5F79A1C1324A4007D292B /* ViewController.m */ = {isa = PBXFileReference; lastKnownFileType = sourcecode.c.objc; path = ViewController.m; sourceTree = "<group>"; };
		2DD5F79D1C1324A4007D292B /* Base */ = {isa = PBXFileReference; lastKnownFileType = file.storyboard; name = Base; path = Base.lproj/Main.storyboard; sourceTree = "<group>"; };
		2DD5F79F1C1324A4007D292B /* Assets.xcassets */ = {isa = PBXFileReference; lastKnownFileType = folder.assetcatalog; path = Assets.xcassets; sourceTree = "<group>"; };
		2DD5F7A21C1324A4007D292B /* Base */ = {isa = PBXFileReference; lastKnownFileType = file.storyboard; name = Base; path = Base.lproj/LaunchScreen.storyboard; sourceTree = "<group>"; };
		2DD5F7A41C1324A4007D292B /* Info.plist */ = {isa = PBXFileReference; lastKnownFileType = text.plist.xml; path = Info.plist; sourceTree = "<group>"; };
/* End PBXFileReference section */

/* Begin PBXFrameworksBuildPhase section */
		2DD5F78D1C1324A4007D292B /* Frameworks */ = {
			isa = PBXFrameworksBuildPhase;
			buildActionMask = 2147483647;
			files = (
			);
			runOnlyForDeploymentPostprocessing = 0;
		};
/* End PBXFrameworksBuildPhase section */

/* Begin PBXGroup section */
		2DD5F7871C1324A3007D292B = {
			isa = PBXGroup;
			children = (
				2DD5F7921C1324A4007D292B /* ShSlApp */,
				2DD5F7911C1324A4007D292B /* Products */,
			);
			sourceTree = "<group>";
		};
		2DD5F7911C1324A4007D292B /* Products */ = {
			isa = PBXGroup;
			children = (
				2DD5F7901C1324A4007D292B /* ShSlApp.app */,
			);
			name = Products;
			sourceTree = "<group>";
		};
		2DD5F7921C1324A4007D292B /* ShSlApp */ = {
			isa = PBXGroup;
			children = (
				2DD5F7961C1324A4007D292B /* AppDelegate.h */,
				2DD5F7971C1324A4007D292B /* AppDelegate.m */,
				2DD5F7991C1324A4007D292B /* ViewController.h */,
				2DD5F79A1C1324A4007D292B /* ViewController.m */,
				2DD5F79C1C1324A4007D292B /* Main.storyboard */,
				2DD5F79F1C1324A4007D292B /* Assets.xcassets */,
				2DD5F7A11C1324A4007D292B /* LaunchScreen.storyboard */,
				2DD5F7A41C1324A4007D292B /* Info.plist */,
				2DD5F7931C1324A4007D292B /* Supporting Files */,
			);
			path = ShSlApp;
			sourceTree = "<group>";
		};
		2DD5F7931C1324A4007D292B /* Supporting Files */ = {
			isa = PBXGroup;
			children = (
				2DD5F7941C1324A4007D292B /* main.m */,
			);
			name = "Supporting Files";
			sourceTree = "<group>";
		};
/* End PBXGroup section */

/* Begin PBXNativeTarget section */
		2DD5F78F1C1324A4007D292B /* ShSlApp */ = {
			isa = PBXNativeTarget;
			buildConfigurationList = 2DD5F7A71C1324A4007D292B /* Build configuration list for PBXNativeTarget "ShSlApp" */;
			buildPhases = (
				2DD5F78C1C1324A4007D292B /* Sources */,
				2DD5F78D1C1324A4007D292B /* Frameworks */,
				2DD5F78E1C1324A4007D292B /* Resources */,
			);
			buildRules = (
			);
			dependencies = (
			);
			name = ShSlApp;
			productName = ShSlApp;
			productReference = 2DD5F7901C1324A4007D292B /* ShSlApp.app */;
			productType = "com.apple.product-type.application";
		};
/* End PBXNativeTarget section */

/* Begin PBXProject section */
		2DD5F7881C1324A4007D292B /* Project object */ = {
			isa = PBXProject;
			attributes = {
				LastUpgradeCheck = 0710;
				ORGANIZATIONNAME = bfy;
				TargetAttributes = {
					2DD5F78F1C1324A4007D292B = {
						CreatedOnToolsVersion = 7.1.1;
						DevelopmentTeam = XG7QJ8L3A3;
					};
				};
			};
			buildConfigurationList = 2DD5F78B1C1324A4007D292B /* Build configuration list for PBXProject "ShSlApp" */;
			compatibilityVersion = "Xcode 3.2";
			developmentRegion = English;
			hasScannedForEncodings = 0;
			knownRegions = (
				en,
				Base,
			);
			mainGroup = 2DD5F7871C1324A3007D292B;
			productRefGroup = 2DD5F7911C1324A4007D292B /* Products */;
			projectDirPath = "";
			projectRoot = "";
			targets = (
				2DD5F78F1C1324A4007D292B /* ShSlApp */,
			);
		};
/* End PBXProject section */

/* Begin PBXResourcesBuildPhase section */
		2DD5F78E1C1324A4007D292B /* Resources */ = {
			isa = PBXResourcesBuildPhase;
			buildActionMask = 2147483647;
			files = (
				2DD5F7A31C1324A4007D292B /* LaunchScreen.storyboard in Resources */,
				2DD5F7A01C1324A4007D292B /* Assets.xcassets in Resources */,
				2DD5F79E1C1324A4007D292B /* Main.storyboard in Resources */,
			);
			runOnlyForDeploymentPostprocessing = 0;
		};
/* End PBXResourcesBuildPhase section */

/* Begin PBXSourcesBuildPhase section */
		2DD5F78C1C1324A4007D292B /* Sources */ = {
			isa = PBXSourcesBuildPhase;
			buildActionMask = 2147483647;
			files = (
				2DD5F79B1C1324A4007D292B /* ViewController.m in Sources */,
				2DD5F7981C1324A4007D292B /* AppDelegate.m in Sources */,
				2DD5F7951C1324A4007D292B /* main.m in Sources */,
			);
			runOnlyForDeploymentPostprocessing = 0;
		};
/* End PBXSourcesBuildPhase section */

/* Begin PBXVariantGroup section */
		2DD5F79C1C1324A4007D292B /* Main.storyboard */ = {
			isa = PBXVariantGroup;
			children = (
				2DD5F79D1C1324A4007D292B /* Base */,
			);
			name = Main.storyboard;
			sourceTree = "<group>";
		};
		2DD5F7A11C1324A4007D292B /* LaunchScreen.storyboard */ = {
			isa = PBXVariantGroup;
			children = (
				2DD5F7A21C1324A4007D292B /* Base */,
			);
			name = LaunchScreen.storyboard;
			sourceTree = "<group>";
		};
/* End PBXVariantGroup section */

/* Begin XCBuildConfiguration section */
		2DD5F7A51C1324A4007D292B /* Debug */ = {
			isa = XCBuildConfiguration;
			buildSettings = {
				ALWAYS_SEARCH_USER_PATHS = NO;
				CLANG_CXX_LANGUAGE_STANDARD = "gnu++0x";
				CLANG_CXX_LIBRARY = "libc++";
				CLANG_ENABLE_MODULES = YES;
				CLANG_ENABLE_OBJC_ARC = YES;
				CLANG_WARN_BOOL_CONVERSION = YES;
				CLANG_WARN_CONSTANT_CONVERSION = YES;
				CLANG_WARN_DIRECT_OBJC_ISA_USAGE = YES_ERROR;
				CLANG_WARN_EMPTY_BODY = YES;
				CLANG_WARN_ENUM_CONVERSION = YES;
				CLANG_WARN_INT_CONVERSION = YES;
				CLANG_WARN_OBJC_ROOT_CLASS = YES_ERROR;
				CLANG_WARN_UNREACHABLE_CODE = YES;
				CLANG_WARN__DUPLICATE_METHOD_MATCH = YES;
				"CODE_SIGN_IDENTITY[sdk=iphoneos*]" = "iPhone Developer";
				COPY_PHASE_STRIP = NO;
				DEBUG_INFORMATION_FORMAT = dwarf;
				ENABLE_STRICT_OBJC_MSGSEND = YES;
				ENABLE_TESTABILITY = YES;
				GCC_C_LANGUAGE_STANDARD = gnu99;
				GCC_DYNAMIC_NO_PIC = NO;
				GCC_NO_COMMON_BLOCKS = YES;
				GCC_OPTIMIZATION_LEVEL = 0;
				GCC_PREPROCESSOR_DEFINITIONS = (
					"DEBUG=1",
					"$(inherited)",
				);
				GCC_WARN_64_TO_32_BIT_CONVERSION = YES;
				GCC_WARN_ABOUT_RETURN_TYPE = YES_ERROR;
				GCC_WARN_UNDECLARED_SELECTOR = YES;
				GCC_WARN_UNINITIALIZED_AUTOS = YES_AGGRESSIVE;
				GCC_WARN_UNUSED_FUNCTION = YES;
				GCC_WARN_UNUSED_VARIABLE = YES;
				IPHONEOS_DEPLOYMENT_TARGET = 9.1;
				MTL_ENABLE_DEBUG_INFO = YES;
				ONLY_ACTIVE_ARCH = YES;
				SDKROOT = iphoneos;
			};
			name = Debug;
		};
		2DD5F7A61C1324A4007D292B /* Release */ = {
			isa = XCBuildConfiguration;
			buildSettings = {
				ALWAYS_SEARCH_USER_PATHS = NO;
				CLANG_CXX_LANGUAGE_STANDARD = "gnu++0x";
				CLANG_CXX_LIBRARY = "libc++";
				CLANG_ENABLE_MODULES = YES;
				CLANG_ENABLE_OBJC_ARC = YES;
				CLANG_WARN_BOOL_CONVERSION = YES;
				CLANG_WARN_CONSTANT_CONVERSION = YES;
				CLANG_WARN_DIRECT_OBJC_ISA_USAGE = YES_ERROR;
				CLANG_WARN_EMPTY_BODY = YES;
				CLANG_WARN_ENUM_CONVERSION = YES;
				CLANG_WARN_INT_CONVERSION = YES;
				CLANG_WARN_OBJC_ROOT_CLASS = YES_ERROR;
				CLANG_WARN_UNREACHABLE_CODE = YES;
				CLANG_WARN__DUPLICATE_METHOD_MATCH = YES;
				"CODE_SIGN_IDENTITY[sdk=iphoneos*]" = "iPhone Developer";
				COPY_PHASE_STRIP = NO;
				DEBUG_INFORMATION_FORMAT = "dwarf-with-dsym";
				ENABLE_NS_ASSERTIONS = NO;
				ENABLE_STRICT_OBJC_MSGSEND = YES;
				GCC_C_LANGUAGE_STANDARD = gnu99;
				GCC_NO_COMMON_BLOCKS = YES;
				GCC_WARN_64_TO_32_BIT_CONVERSION = YES;
				GCC_WARN_ABOUT_RETURN_TYPE = YES_ERROR;
				GCC_WARN_UNDECLARED_SELECTOR = YES;
				GCC_WARN_UNINITIALIZED_AUTOS = YES_AGGRESSIVE;
				GCC_WARN_UNUSED_FUNCTION = YES;
				GCC_WARN_UNUSED_VARIABLE = YES;
				IPHONEOS_DEPLOYMENT_TARGET = 9.1;
				MTL_ENABLE_DEBUG_INFO = NO;
				SDKROOT = iphoneos;
				VALIDATE_PRODUCT = YES;
			};
			name = Release;
		};
		2DD5F7A81C1324A4007D292B /* Debug */ = {
			isa = XCBuildConfiguration;
			buildSettings = {
				ASSETCATALOG_COMPILER_APPICON_NAME = AppIcon;
				INFOPLIST_FILE = ShSlApp/Info.plist;
				LD_RUNPATH_SEARCH_PATHS = "$(inherited) @executable_path/Frameworks";
				PRODUCT_BUNDLE_IDENTIFIER = bfy.ShSlApp;
				PRODUCT_NAME = "$(TARGET_NAME)";
			};
			name = Debug;
		};
		2DD5F7A91C1324A4007D292B /* Release */ = {
			isa = XCBuildConfiguration;
			buildSettings = {
				ASSETCATALOG_COMPILER_APPICON_NAME = AppIcon;
				INFOPLIST_FILE = ShSlApp/Info.plist;
				LD_RUNPATH_SEARCH_PATHS = "$(inherited) @executable_path/Frameworks";
				PRODUCT_BUNDLE_IDENTIFIER = bfy.ShSlApp;
				PRODUCT_NAME = "$(TARGET_NAME)";
			};
			name = Release;
		};
/* End XCBuildConfiguration section */

/* Begin XCConfigurationList section */
		2DD5F78B1C1324A4007D292B /* Build configuration list for PBXProject "ShSlApp" */ = {
			isa = XCConfigurationList;
			buildConfigurations = (
				2DD5F7A51C1324A4007D292B /* Debug */,
				2DD5F7A61C1324A4007D292B /* Release */,
			);
			defaultConfigurationIsVisible = 0;
			defaultConfigurationName = Release;
		};
		2DD5F7A71C1324A4007D292B /* Build configuration list for PBXNativeTarget "ShSlApp" */ = {
			isa = XCConfigurationList;
			buildConfigurations = (
				2DD5F7A81C1324A4007D292B /* Debug */,
				2DD5F7A91C1324A4007D292B /* Release */,
			);
			defaultConfigurationIsVisible = 0;
		};
/* End XCConfigurationList section */
	};
	rootObject = 2DD5F7881C1324A4007D292B /* Project object */;
}
